
Microsoft Visual Studio Solution File, Format Version 11.00
# Visual Studio 2010
Project("{FAE04EC0-301F-11D3-BF4B-00C04F79EFBC}") = "AstarPathfindingProject", "AstarPathfindingProject.csproj", "{2a6d4f8d-5429-2f4a-55e8-6251b80d35b9}"
EndProject
Project("{FAE04EC0-301F-11D3-BF4B-00C04F79EFBC}") = "Unity.ML-Agents.Extensions.Input", "Unity.ML-Agents.Extensions.Input.csproj", "{2f37f870-af2f-a4d6-b0de-01fbd953a4bf}"
EndProject
Project("{FAE04EC0-301F-11D3-BF4B-00C04F79EFBC}") = "Assembly-CSharp", "Assembly-CSharp.csproj", "{06bfdb05-2ff2-f5f8-f158-734bb9617aa8}"
EndProject
Project("{FAE04EC0-301F-11D3-BF4B-00C04F79EFBC}") = "Unity.ML-Agents.Extensions", "Unity.ML-Agents.Extensions.csproj", "{a516eb40-01f0-2d54-c796-4aee24af7ba4}"
EndProject
Project("{FAE04EC0-301F-11D3-BF4B-00C04F79EFBC}") = "Unity.ML-Agents.Extensions.Editor", "Unity.ML-Agents.Extensions.Editor.csproj", "{a608688f-c281-7e09-baf7-27475739f2ae}"
EndProject
Project("{FAE04EC0-301F-11D3-BF4B-00C04F79EFBC}") = "PackageToolsEditor", "PackageToolsEditor.csproj", "{5d7e5fd4-7aba-ec96-7216-7ee7476c5ea8}"
EndProject
Project("{FAE04EC0-301F-11D3-BF4B-00C04F79EFBC}") = "AstarPathfindingProjectEditor", "AstarPathfindingProjectEditor.csproj", "{e00c61a2-37b5-57eb-4a40-5e4424582686}"
EndProject
Project("{FAE04EC0-301F-11D3-BF4B-00C04F79EFBC}") = "Unity.ML-Agents.Extensions.Editor.Input", "Unity.ML-Agents.Extensions.Editor.Input.csproj", "{5e37703f-ec5f-fef9-8439-5b4580cf656d}"
EndProject
Global
	GlobalSection(SolutionConfigurationPlatforms) = preSolution
		Debug|Any CPU = Debug|Any CPU
		Release|Any CPU = Release|Any CPU
	EndGlobalSection
	GlobalSection(ProjectConfigurationPlatforms) = postSolution
		{2a6d4f8d-5429-2f4a-55e8-6251b80d35b9}.Debug|Any CPU.ActiveCfg = Debug|Any CPU
		{2a6d4f8d-5429-2f4a-55e8-6251b80d35b9}.Debug|Any CPU.Build.0 = Debug|Any CPU
		{2a6d4f8d-5429-2f4a-55e8-6251b80d35b9}.Release|Any CPU.ActiveCfg = Release|Any CPU
		{2a6d4f8d-5429-2f4a-55e8-6251b80d35b9}.Release|Any CPU.Build.0 = Release|Any CPU
		{2f37f870-af2f-a4d6-b0de-01fbd953a4bf}.Debug|Any CPU.ActiveCfg = Debug|Any CPU
		{2f37f870-af2f-a4d6-b0de-01fbd953a4bf}.Debug|Any CPU.Build.0 = Debug|Any CPU
		{2f37f870-af2f-a4d6-b0de-01fbd953a4bf}.Release|Any CPU.ActiveCfg = Release|Any CPU
		{2f37f870-af2f-a4d6-b0de-01fbd953a4bf}.Release|Any CPU.Build.0 = Release|Any CPU
		{06bfdb05-2ff2-f5f8-f158-734bb9617aa8}.Debug|Any CPU.ActiveCfg = Debug|Any CPU
		{06bfdb05-2ff2-f5f8-f158-734bb9617aa8}.Debug|Any CPU.Build.0 = Debug|Any CPU
		{06bfdb05-2ff2-f5f8-f158-734bb9617aa8}.Release|Any CPU.ActiveCfg = Release|Any CPU
		{06bfdb05-2ff2-f5f8-f158-734bb9617aa8}.Release|Any CPU.Build.0 = Release|Any CPU
		{a516eb40-01f0-2d54-c796-4aee24af7ba4}.Debug|Any CPU.ActiveCfg = Debug|Any CPU
		{a516eb40-01f0-2d54-c796-4aee24af7ba4}.Debug|Any CPU.Build.0 = Debug|Any CPU
		{a516eb40-01f0-2d54-c796-4aee24af7ba4}.Release|Any CPU.ActiveCfg = Release|Any CPU
		{a516eb40-01f0-2d54-c796-4aee24af7ba4}.Release|Any CPU.Build.0 = Release|Any CPU
		{a608688f-c281-7e09-baf7-27475739f2ae}.Debug|Any CPU.ActiveCfg = Debug|Any CPU
		{a608688f-c281-7e09-baf7-27475739f2ae}.Debug|Any CPU.Build.0 = Debug|Any CPU
		{a608688f-c281-7e09-baf7-27475739f2ae}.Release|Any CPU.ActiveCfg = Release|Any CPU
		{a608688f-c281-7e09-baf7-27475739f2ae}.Release|Any CPU.Build.0 = Release|Any CPU
		{5d7e5fd4-7aba-ec96-7216-7ee7476c5ea8}.Debug|Any CPU.ActiveCfg = Debug|Any CPU
		{5d7e5fd4-7aba-ec96-7216-7ee7476c5ea8}.Debug|Any CPU.Build.0 = Debug|Any CPU
		{5d7e5fd4-7aba-ec96-7216-7ee7476c5ea8}.Release|Any CPU.ActiveCfg = Release|Any CPU
		{5d7e5fd4-7aba-ec96-7216-7ee7476c5ea8}.Release|Any CPU.Build.0 = Release|Any CPU
		{e00c61a2-37b5-57eb-4a40-5e4424582686}.Debug|Any CPU.ActiveCfg = Debug|Any CPU
		{e00c61a2-37b5-57eb-4a40-5e4424582686}.Debug|Any CPU.Build.0 = Debug|Any CPU
		{e00c61a2-37b5-57eb-4a40-5e4424582686}.Release|Any CPU.ActiveCfg = Release|Any CPU
		{e00c61a2-37b5-57eb-4a40-5e4424582686}.Release|Any CPU.Build.0 = Release|Any CPU
		{5e37703f-ec5f-fef9-8439-5b4580cf656d}.Debug|Any CPU.ActiveCfg = Debug|Any CPU
		{5e37703f-ec5f-fef9-8439-5b4580cf656d}.Debug|Any CPU.Build.0 = Debug|Any CPU
		{5e37703f-ec5f-fef9-8439-5b4580cf656d}.Release|Any CPU.ActiveCfg = Release|Any CPU
		{5e37703f-ec5f-fef9-8439-5b4580cf656d}.Release|Any CPU.Build.0 = Release|Any CPU
	EndGlobalSection
	GlobalSection(SolutionProperties) = preSolution
		HideSolutionNode = FALSE
	EndGlobalSection
EndGlobal
